
Microsoft Visual Studio Solution File, Format Version 12.00
# Visual Studio Version 17
VisualStudioVersion = 17.13.35825.156 d17.13
MinimumVisualStudioVersion = 10.0.40219.1
Project("{FAE04EC0-301F-11D3-BF4B-00C04F79EFBC}") = "WebDvpApi", "WebDvpApi\WebDvpApi.csproj", "{DF4C25D5-CDA1-4F3C-A36B-E32B46DADE74}"
EndProject
Project("{FAE04EC0-301F-11D3-BF4B-00C04F79EFBC}") = "WebDvpLogic", "WebDvpLogic\WebDvpLogic.csproj", "{975B5146-E5B2-4DC4-B052-D068704A0F4C}"
EndProject
Project("{FAE04EC0-301F-11D3-BF4B-00C04F79EFBC}") = "WebDvpDatabase", "WebDvpDatabase\WebDvpDatabase.csproj", "{343B804E-6342-4A8C-835E-E1E7044AAB15}"
EndProject
Global
	GlobalSection(SolutionConfigurationPlatforms) = preSolution
		Debug|Any CPU = Debug|Any CPU
		Release|Any CPU = Release|Any CPU
	EndGlobalSection
	GlobalSection(ProjectConfigurationPlatforms) = postSolution
		{DF4C25D5-CDA1-4F3C-A36B-E32B46DADE74}.Debug|Any CPU.ActiveCfg = Debug|Any CPU
		{DF4C25D5-CDA1-4F3C-A36B-E32B46DADE74}.Debug|Any CPU.Build.0 = Debug|Any CPU
		{DF4C25D5-CDA1-4F3C-A36B-E32B46DADE74}.Release|Any CPU.ActiveCfg = Release|Any CPU
		{DF4C25D5-CDA1-4F3C-A36B-E32B46DADE74}.Release|Any CPU.Build.0 = Release|Any CPU
		{975B5146-E5B2-4DC4-B052-D068704A0F4C}.Debug|Any CPU.ActiveCfg = Debug|Any CPU
		{975B5146-E5B2-4DC4-B052-D068704A0F4C}.Debug|Any CPU.Build.0 = Debug|Any CPU
		{975B5146-E5B2-4DC4-B052-D068704A0F4C}.Release|Any CPU.ActiveCfg = Release|Any CPU
		{975B5146-E5B2-4DC4-B052-D068704A0F4C}.Release|Any CPU.Build.0 = Release|Any CPU
		{343B804E-6342-4A8C-835E-E1E7044AAB15}.Debug|Any CPU.ActiveCfg = Debug|Any CPU
		{343B804E-6342-4A8C-835E-E1E7044AAB15}.Debug|Any CPU.Build.0 = Debug|Any CPU
		{343B804E-6342-4A8C-835E-E1E7044AAB15}.Release|Any CPU.ActiveCfg = Release|Any CPU
		{343B804E-6342-4A8C-835E-E1E7044AAB15}.Release|Any CPU.Build.0 = Release|Any CPU
	EndGlobalSection
	GlobalSection(SolutionProperties) = preSolution
		HideSolutionNode = FALSE
	EndGlobalSection
	GlobalSection(ExtensibilityGlobals) = postSolution
		SolutionGuid = {8AFDEDF9-B82F-47AB-B9DB-6B080916EF4B}
	EndGlobalSection
EndGlobal
